// !$*UTF8*$!
{
	archiveVersion = 1;
	classes = {
	};
	objectVersion = 46;
	objects = {

/* Begin PBXBuildFile section */
		C52F0A961BCD42DD009C59B2 /* PulseAnimation.swift in Sources */ = {isa = PBXBuildFile; fileRef = C52F0A951BCD42DD009C59B2 /* PulseAnimation.swift */; };
		C52F0A971BCD42DD009C59B2 /* PulseAnimation.swift in Sources */ = {isa = PBXBuildFile; fileRef = C52F0A951BCD42DD009C59B2 /* PulseAnimation.swift */; };
		C544CE761C4FD7CF00F24338 /* Scene.xcassets in Resources */ = {isa = PBXBuildFile; fileRef = C544CE751C4FD7CF00F24338 /* Scene.xcassets */; };
		C544CE781C4FD9E800F24338 /* CreditsLogo.swift in Sources */ = {isa = PBXBuildFile; fileRef = C544CE771C4FD9E800F24338 /* CreditsLogo.swift */; };
		C544CE791C4FD9E800F24338 /* CreditsLogo.swift in Sources */ = {isa = PBXBuildFile; fileRef = C544CE771C4FD9E800F24338 /* CreditsLogo.swift */; };
		C545A0751C49A2E50008253C /* Background.swift in Sources */ = {isa = PBXBuildFile; fileRef = C545A0741C49A2E50008253C /* Background.swift */; };
		C545A0761C49A2E50008253C /* Background.swift in Sources */ = {isa = PBXBuildFile; fileRef = C545A0741C49A2E50008253C /* Background.swift */; };
		C545A0781C49A58A0008253C /* Platform.swift in Sources */ = {isa = PBXBuildFile; fileRef = C545A0771C49A58A0008253C /* Platform.swift */; };
		C545A0791C49A58A0008253C /* Platform.swift in Sources */ = {isa = PBXBuildFile; fileRef = C545A0771C49A58A0008253C /* Platform.swift */; };
		C56080EC1C56DBBF00C167FD /* TestUtil.swift in Sources */ = {isa = PBXBuildFile; fileRef = C56080EB1C56DBBF00C167FD /* TestUtil.swift */; };
		C56080F21C56E16600C167FD /* BackgroundTests.swift in Sources */ = {isa = PBXBuildFile; fileRef = C56080F01C56E16600C167FD /* BackgroundTests.swift */; };
		C56080F31C56E16600C167FD /* CreditsLogoTests.swift in Sources */ = {isa = PBXBuildFile; fileRef = C56080F11C56E16600C167FD /* CreditsLogoTests.swift */; };
		C56081021C56E1F400C167FD /* ControlPadTests.swift in Sources */ = {isa = PBXBuildFile; fileRef = C56080F51C56E1F400C167FD /* ControlPadTests.swift */; };
		C56081031C56E1F400C167FD /* DragonTests.swift in Sources */ = {isa = PBXBuildFile; fileRef = C56080F61C56E1F400C167FD /* DragonTests.swift */; };
		C56081041C56E1F400C167FD /* FireballTests.swift in Sources */ = {isa = PBXBuildFile; fileRef = C56080F71C56E1F400C167FD /* FireballTests.swift */; };
		C56081051C56E1F400C167FD /* IntroGraphicTests.swift in Sources */ = {isa = PBXBuildFile; fileRef = C56080F81C56E1F400C167FD /* IntroGraphicTests.swift */; };
		C56081061C56E1F400C167FD /* LogoTests.swift in Sources */ = {isa = PBXBuildFile; fileRef = C56080F91C56E1F400C167FD /* LogoTests.swift */; };
		C56081071C56E1F400C167FD /* MountainTests.swift in Sources */ = {isa = PBXBuildFile; fileRef = C56080FA1C56E1F400C167FD /* MountainTests.swift */; };
		C56081081C56E1F400C167FD /* OverlayNodeTests.swift in Sources */ = {isa = PBXBuildFile; fileRef = C56080FB1C56E1F400C167FD /* OverlayNodeTests.swift */; };
		C56081091C56E1F400C167FD /* PlatformTests.swift in Sources */ = {isa = PBXBuildFile; fileRef = C56080FC1C56E1F400C167FD /* PlatformTests.swift */; };
		C560810A1C56E1F400C167FD /* PlayButtonTests.swift in Sources */ = {isa = PBXBuildFile; fileRef = C56080FD1C56E1F400C167FD /* PlayButtonTests.swift */; };
		C560810B1C56E1F400C167FD /* PlayerTests.swift in Sources */ = {isa = PBXBuildFile; fileRef = C56080FE1C56E1F400C167FD /* PlayerTests.swift */; };
		C560810C1C56E1F400C167FD /* ScoreBoardTests.swift in Sources */ = {isa = PBXBuildFile; fileRef = C56080FF1C56E1F400C167FD /* ScoreBoardTests.swift */; };
		C560810D1C56E1F400C167FD /* ScoreLabelTests.swift in Sources */ = {isa = PBXBuildFile; fileRef = C56081001C56E1F400C167FD /* ScoreLabelTests.swift */; };
		C560810E1C56E1F400C167FD /* ScoreManagerTests.swift in Sources */ = {isa = PBXBuildFile; fileRef = C56081011C56E1F400C167FD /* ScoreManagerTests.swift */; };
		C56DA5181C50349900D50218 /* GameKitHelper.swift in Sources */ = {isa = PBXBuildFile; fileRef = C56DA5171C50349900D50218 /* GameKitHelper.swift */; };
		C56DA5191C50349900D50218 /* GameKitHelper.swift in Sources */ = {isa = PBXBuildFile; fileRef = C56DA5171C50349900D50218 /* GameKitHelper.swift */; };
		C56DA51B1C512A4B00D50218 /* UIColor+Extra.swift in Sources */ = {isa = PBXBuildFile; fileRef = C56DA51A1C512A4B00D50218 /* UIColor+Extra.swift */; };
		C56DA51C1C512A4B00D50218 /* UIColor+Extra.swift in Sources */ = {isa = PBXBuildFile; fileRef = C56DA51A1C512A4B00D50218 /* UIColor+Extra.swift */; };
		C56DA51E1C512FBE00D50218 /* OverlayNode.swift in Sources */ = {isa = PBXBuildFile; fileRef = C56DA51D1C512FBE00D50218 /* OverlayNode.swift */; };
		C56DA51F1C512FBE00D50218 /* OverlayNode.swift in Sources */ = {isa = PBXBuildFile; fileRef = C56DA51D1C512FBE00D50218 /* OverlayNode.swift */; };
		C58C08C21C4D9B13000E4A29 /* IntroGraphic.swift in Sources */ = {isa = PBXBuildFile; fileRef = C58C08C11C4D9B13000E4A29 /* IntroGraphic.swift */; };
		C58C08C31C4D9B13000E4A29 /* IntroGraphic.swift in Sources */ = {isa = PBXBuildFile; fileRef = C58C08C11C4D9B13000E4A29 /* IntroGraphic.swift */; };
		C59E3A4B1BC808020037F3B3 /* Logo.swift in Sources */ = {isa = PBXBuildFile; fileRef = C59E3A4A1BC808020037F3B3 /* Logo.swift */; };
		C59E3A4C1BC808020037F3B3 /* Logo.swift in Sources */ = {isa = PBXBuildFile; fileRef = C59E3A4A1BC808020037F3B3 /* Logo.swift */; };
		C59E3A4E1BC8082D0037F3B3 /* TextureAtlasManager.swift in Sources */ = {isa = PBXBuildFile; fileRef = C59E3A4D1BC8082D0037F3B3 /* TextureAtlasManager.swift */; };
		C59E3A4F1BC8082D0037F3B3 /* TextureAtlasManager.swift in Sources */ = {isa = PBXBuildFile; fileRef = C59E3A4D1BC8082D0037F3B3 /* TextureAtlasManager.swift */; };
		C5D548481C5130EB00F64B0C /* PlayButton.swift in Sources */ = {isa = PBXBuildFile; fileRef = C5D548471C5130EB00F64B0C /* PlayButton.swift */; };
		C5D548491C5130EB00F64B0C /* PlayButton.swift in Sources */ = {isa = PBXBuildFile; fileRef = C5D548471C5130EB00F64B0C /* PlayButton.swift */; };
		C5DE514B1BB9811B0049C321 /* GameOver.xcassets in Resources */ = {isa = PBXBuildFile; fileRef = FBEBAB871BB782FD004D455D /* GameOver.xcassets */; };
		C5E0B27C1BBF182F0003BBFB /* GameKit.framework in Frameworks */ = {isa = PBXBuildFile; fileRef = FB0BBBAB1BBCB11B00A0BB53 /* GameKit.framework */; };
		FB0BBBAC1BBCB11B00A0BB53 /* GameKit.framework in Frameworks */ = {isa = PBXBuildFile; fileRef = FB0BBBAB1BBCB11B00A0BB53 /* GameKit.framework */; };
		FB0BBBAE1BBCCDEF00A0BB53 /* ScoreBoard.swift in Sources */ = {isa = PBXBuildFile; fileRef = FB0BBBAD1BBCCDEF00A0BB53 /* ScoreBoard.swift */; };
		FB0BBBAF1BBCCDEF00A0BB53 /* ScoreBoard.swift in Sources */ = {isa = PBXBuildFile; fileRef = FB0BBBAD1BBCCDEF00A0BB53 /* ScoreBoard.swift */; };
		FB4910D51BBB854B0094EC7E /* Fire.xcassets in Resources */ = {isa = PBXBuildFile; fileRef = FBEBAB901BB783FB004D455D /* Fire.xcassets */; };
		FB4910D71BBB88900094EC7E /* ScoreManager.swift in Sources */ = {isa = PBXBuildFile; fileRef = FB4910D61BBB88900094EC7E /* ScoreManager.swift */; };
		FB4910D81BBB88900094EC7E /* ScoreManager.swift in Sources */ = {isa = PBXBuildFile; fileRef = FB4910D61BBB88900094EC7E /* ScoreManager.swift */; };
		FB4910DC1BBB92520094EC7E /* titlesong.wav in Resources */ = {isa = PBXBuildFile; fileRef = FB4910DB1BBB92520094EC7E /* titlesong.wav */; };
		FB4910DD1BBB92520094EC7E /* titlesong.wav in Resources */ = {isa = PBXBuildFile; fileRef = FB4910DB1BBB92520094EC7E /* titlesong.wav */; };
		FB6F9C761C5079D400F1040A /* Fabric.framework in Frameworks */ = {isa = PBXBuildFile; fileRef = FB6F9C741C5079D400F1040A /* Fabric.framework */; };
		FB6F9C771C5079D400F1040A /* Fabric.framework in Frameworks */ = {isa = PBXBuildFile; fileRef = FB6F9C741C5079D400F1040A /* Fabric.framework */; };
		FB6F9C781C5079D400F1040A /* Crashlytics.framework in Frameworks */ = {isa = PBXBuildFile; fileRef = FB6F9C751C5079D400F1040A /* Crashlytics.framework */; };
		FB6F9C791C5079D400F1040A /* Crashlytics.framework in Frameworks */ = {isa = PBXBuildFile; fileRef = FB6F9C751C5079D400F1040A /* Crashlytics.framework */; };
		FB7BDEF51BC4D33100CCAD52 /* PauseScene.sks in Resources */ = {isa = PBXBuildFile; fileRef = FB7BDEF41BC4D33100CCAD52 /* PauseScene.sks */; };
		FB7BDEF61BC4D33100CCAD52 /* PauseScene.sks in Resources */ = {isa = PBXBuildFile; fileRef = FB7BDEF41BC4D33100CCAD52 /* PauseScene.sks */; };
		FB8D26E41BB71773000B548E /* AppDelegate.swift in Sources */ = {isa = PBXBuildFile; fileRef = FB8D26E31BB71773000B548E /* AppDelegate.swift */; };
		FB8D26EA1BB71773000B548E /* GameViewController.swift in Sources */ = {isa = PBXBuildFile; fileRef = FB8D26E91BB71773000B548E /* GameViewController.swift */; };
		FB8D26EF1BB71773000B548E /* Main.storyboard in Resources */ = {isa = PBXBuildFile; fileRef = FB8D26ED1BB71773000B548E /* Main.storyboard */; };
		FB8D26F11BB71773000B548E /* Assets.xcassets in Resources */ = {isa = PBXBuildFile; fileRef = FB8D26F01BB71773000B548E /* Assets.xcassets */; };
		FB8D26FD1BB717A1000B548E /* AppDelegate.swift in Sources */ = {isa = PBXBuildFile; fileRef = FB8D26FC1BB717A1000B548E /* AppDelegate.swift */; };
		FB8D27031BB717A1000B548E /* GameViewController.swift in Sources */ = {isa = PBXBuildFile; fileRef = FB8D27021BB717A1000B548E /* GameViewController.swift */; };
		FB8D27061BB717A1000B548E /* Main.storyboard in Resources */ = {isa = PBXBuildFile; fileRef = FB8D27041BB717A1000B548E /* Main.storyboard */; };
		FB8D27081BB717A1000B548E /* Assets.xcassets in Resources */ = {isa = PBXBuildFile; fileRef = FB8D27071BB717A1000B548E /* Assets.xcassets */; };
		FB962BBC1BD404310049A6D9 /* Dragons.xcassets in Resources */ = {isa = PBXBuildFile; fileRef = FB9FFD841BB726E0004D4119 /* Dragons.xcassets */; };
		FB9FFD861BB72A73004D4119 /* Dragons.xcassets in Resources */ = {isa = PBXBuildFile; fileRef = FB9FFD841BB726E0004D4119 /* Dragons.xcassets */; };
		FBA743D21BB71E5200AC4B44 /* GameScene.sks in Resources */ = {isa = PBXBuildFile; fileRef = FBA743D01BB71E5200AC4B44 /* GameScene.sks */; };
		FBA743D31BB71E5200AC4B44 /* GameScene.swift in Sources */ = {isa = PBXBuildFile; fileRef = FBA743D11BB71E5200AC4B44 /* GameScene.swift */; };
		FBA743D41BB71E7900AC4B44 /* GameScene.swift in Sources */ = {isa = PBXBuildFile; fileRef = FBA743D11BB71E5200AC4B44 /* GameScene.swift */; };
		FBA743D51BB71F1000AC4B44 /* GameScene.sks in Resources */ = {isa = PBXBuildFile; fileRef = FBA743D01BB71E5200AC4B44 /* GameScene.sks */; };
		FBCD329F1BBA19B000FAB2D1 /* pop.wav in Resources */ = {isa = PBXBuildFile; fileRef = FBCD329C1BBA19B000FAB2D1 /* pop.wav */; };
		FBCD32A01BBA19B000FAB2D1 /* roar.wav in Resources */ = {isa = PBXBuildFile; fileRef = FBCD329D1BBA19B000FAB2D1 /* roar.wav */; };
		FBCD32A31BBA3B9D00FAB2D1 /* spark.png in Resources */ = {isa = PBXBuildFile; fileRef = FBCD32A21BBA3B9D00FAB2D1 /* spark.png */; };
		FBD20A351C58544000AF7E73 /* PhysicsCategory.swift in Sources */ = {isa = PBXBuildFile; fileRef = FBD20A341C58544000AF7E73 /* PhysicsCategory.swift */; };
		FBD20A361C58544000AF7E73 /* PhysicsCategory.swift in Sources */ = {isa = PBXBuildFile; fileRef = FBD20A341C58544000AF7E73 /* PhysicsCategory.swift */; };
		FBD20A3F1C58555B00AF7E73 /* MovementComponent.swift in Sources */ = {isa = PBXBuildFile; fileRef = FBD20A381C58555B00AF7E73 /* MovementComponent.swift */; };
		FBD20A401C58555B00AF7E73 /* MovementComponent.swift in Sources */ = {isa = PBXBuildFile; fileRef = FBD20A381C58555B00AF7E73 /* MovementComponent.swift */; };
		FBD20A411C58555B00AF7E73 /* SpriteComponent.swift in Sources */ = {isa = PBXBuildFile; fileRef = FBD20A391C58555B00AF7E73 /* SpriteComponent.swift */; };
		FBD20A421C58555B00AF7E73 /* SpriteComponent.swift in Sources */ = {isa = PBXBuildFile; fileRef = FBD20A391C58555B00AF7E73 /* SpriteComponent.swift */; };
		FBD20A431C58555B00AF7E73 /* ControlPad.swift in Sources */ = {isa = PBXBuildFile; fileRef = FBD20A3A1C58555B00AF7E73 /* ControlPad.swift */; };
		FBD20A441C58555B00AF7E73 /* ControlPad.swift in Sources */ = {isa = PBXBuildFile; fileRef = FBD20A3A1C58555B00AF7E73 /* ControlPad.swift */; };
		FBD20A451C58555B00AF7E73 /* ControlPadPaintCodeImage.swift in Sources */ = {isa = PBXBuildFile; fileRef = FBD20A3B1C58555B00AF7E73 /* ControlPadPaintCodeImage.swift */; };
		FBD20A461C58555B00AF7E73 /* ControlPadPaintCodeImage.swift in Sources */ = {isa = PBXBuildFile; fileRef = FBD20A3B1C58555B00AF7E73 /* ControlPadPaintCodeImage.swift */; };
		FBD20A471C58555B00AF7E73 /* PlayerEntity.swift in Sources */ = {isa = PBXBuildFile; fileRef = FBD20A3D1C58555B00AF7E73 /* PlayerEntity.swift */; };
		FBD20A481C58555B00AF7E73 /* PlayerEntity.swift in Sources */ = {isa = PBXBuildFile; fileRef = FBD20A3D1C58555B00AF7E73 /* PlayerEntity.swift */; };
		FBD20A4A1C58568500AF7E73 /* IntroState.swift in Sources */ = {isa = PBXBuildFile; fileRef = FBD20A491C58568500AF7E73 /* IntroState.swift */; };
		FBD20A4B1C58568500AF7E73 /* IntroState.swift in Sources */ = {isa = PBXBuildFile; fileRef = FBD20A491C58568500AF7E73 /* IntroState.swift */; };
		FBD20A4D1C58568E00AF7E73 /* PlayingState.swift in Sources */ = {isa = PBXBuildFile; fileRef = FBD20A4C1C58568E00AF7E73 /* PlayingState.swift */; };
		FBD20A4E1C58568E00AF7E73 /* PlayingState.swift in Sources */ = {isa = PBXBuildFile; fileRef = FBD20A4C1C58568E00AF7E73 /* PlayingState.swift */; };
		FBD20A501C58569700AF7E73 /* GameOverState.swift in Sources */ = {isa = PBXBuildFile; fileRef = FBD20A4F1C58569700AF7E73 /* GameOverState.swift */; };
		FBD20A511C58569700AF7E73 /* GameOverState.swift in Sources */ = {isa = PBXBuildFile; fileRef = FBD20A4F1C58569700AF7E73 /* GameOverState.swift */; };
		FBD20A531C5874B400AF7E73 /* GameStateProtocol.swift in Sources */ = {isa = PBXBuildFile; fileRef = FBD20A521C5874B400AF7E73 /* GameStateProtocol.swift */; };
		FBD20A541C5874B400AF7E73 /* GameStateProtocol.swift in Sources */ = {isa = PBXBuildFile; fileRef = FBD20A521C5874B400AF7E73 /* GameStateProtocol.swift */; };
		FBE8878E1C50829700D1F92B /* MenuScene.swift in Sources */ = {isa = PBXBuildFile; fileRef = FBE8878D1C50829700D1F92B /* MenuScene.swift */; };
		FBE887901C5082A000D1F92B /* MenuScene.swift in Sources */ = {isa = PBXBuildFile; fileRef = FBE8878F1C5082A000D1F92B /* MenuScene.swift */; };
		FBEAB7151BCCA4BE00054888 /* ScoreLabel.swift in Sources */ = {isa = PBXBuildFile; fileRef = FBEAB7141BCCA4BE00054888 /* ScoreLabel.swift */; };
		FBEAB7161BCCA4BE00054888 /* ScoreLabel.swift in Sources */ = {isa = PBXBuildFile; fileRef = FBEAB7141BCCA4BE00054888 /* ScoreLabel.swift */; };
		FBEBAB7A1BB763FF004D455D /* Player.xcassets in Resources */ = {isa = PBXBuildFile; fileRef = FBEBAB791BB763FF004D455D /* Player.xcassets */; };
		FBEBAB7B1BB764A8004D455D /* Player.xcassets in Resources */ = {isa = PBXBuildFile; fileRef = FBEBAB791BB763FF004D455D /* Player.xcassets */; };
		FBEBAB801BB765B6004D455D /* Dragon.swift in Sources */ = {isa = PBXBuildFile; fileRef = FBEBAB7F1BB765B6004D455D /* Dragon.swift */; };
		FBEBAB811BB7660B004D455D /* Dragon.swift in Sources */ = {isa = PBXBuildFile; fileRef = FBEBAB7F1BB765B6004D455D /* Dragon.swift */; };
		FBEBAB8A1BB782FD004D455D /* GameOver.xcassets in Resources */ = {isa = PBXBuildFile; fileRef = FBEBAB871BB782FD004D455D /* GameOver.xcassets */; };
		FBEBAB8E1BB78350004D455D /* Intro.xcassets in Resources */ = {isa = PBXBuildFile; fileRef = FBEBAB8D1BB78350004D455D /* Intro.xcassets */; };
		FBEBAB921BB784C7004D455D /* Fire.xcassets in Resources */ = {isa = PBXBuildFile; fileRef = FBEBAB901BB783FB004D455D /* Fire.xcassets */; };
		FBEBAB931BB784CA004D455D /* Intro.xcassets in Resources */ = {isa = PBXBuildFile; fileRef = FBEBAB8D1BB78350004D455D /* Intro.xcassets */; };
		FBEBAB9C1BB89E6C004D455D /* Fireball.swift in Sources */ = {isa = PBXBuildFile; fileRef = FBEBAB9B1BB89E6C004D455D /* Fireball.swift */; };
		FBEBAB9D1BB89E6C004D455D /* Fireball.swift in Sources */ = {isa = PBXBuildFile; fileRef = FBEBAB9B1BB89E6C004D455D /* Fireball.swift */; };
		FBED7D021BBA3BCB001C73FE /* spark.png in Resources */ = {isa = PBXBuildFile; fileRef = FBCD32A21BBA3B9D00FAB2D1 /* spark.png */; };
		FBFC27611BBE26360012C1AA /* CGFloat+Extensions.swift in Sources */ = {isa = PBXBuildFile; fileRef = FBFC27551BBE26360012C1AA /* CGFloat+Extensions.swift */; };
		FBFC27621BBE26360012C1AA /* CGFloat+Extensions.swift in Sources */ = {isa = PBXBuildFile; fileRef = FBFC27551BBE26360012C1AA /* CGFloat+Extensions.swift */; };
		FBFC27631BBE26360012C1AA /* CGPoint+Extensions.swift in Sources */ = {isa = PBXBuildFile; fileRef = FBFC27561BBE26360012C1AA /* CGPoint+Extensions.swift */; };
		FBFC27641BBE26360012C1AA /* CGPoint+Extensions.swift in Sources */ = {isa = PBXBuildFile; fileRef = FBFC27561BBE26360012C1AA /* CGPoint+Extensions.swift */; };
		FBFC27651BBE26360012C1AA /* CGVector+Extensions.swift in Sources */ = {isa = PBXBuildFile; fileRef = FBFC27571BBE26360012C1AA /* CGVector+Extensions.swift */; };
		FBFC27661BBE26360012C1AA /* CGVector+Extensions.swift in Sources */ = {isa = PBXBuildFile; fileRef = FBFC27571BBE26360012C1AA /* CGVector+Extensions.swift */; };
		FBFC27671BBE26360012C1AA /* Int+Extensions.swift in Sources */ = {isa = PBXBuildFile; fileRef = FBFC27581BBE26360012C1AA /* Int+Extensions.swift */; };
		FBFC27681BBE26360012C1AA /* Int+Extensions.swift in Sources */ = {isa = PBXBuildFile; fileRef = FBFC27581BBE26360012C1AA /* Int+Extensions.swift */; };
		FBFC27691BBE26360012C1AA /* SKAction+Extensions.swift in Sources */ = {isa = PBXBuildFile; fileRef = FBFC27591BBE26360012C1AA /* SKAction+Extensions.swift */; };
		FBFC276A1BBE26360012C1AA /* SKAction+Extensions.swift in Sources */ = {isa = PBXBuildFile; fileRef = FBFC27591BBE26360012C1AA /* SKAction+Extensions.swift */; };
		FBFC276B1BBE26360012C1AA /* SKAction+SpecialEffects.swift in Sources */ = {isa = PBXBuildFile; fileRef = FBFC275A1BBE26360012C1AA /* SKAction+SpecialEffects.swift */; };
		FBFC276C1BBE26360012C1AA /* SKAction+SpecialEffects.swift in Sources */ = {isa = PBXBuildFile; fileRef = FBFC275A1BBE26360012C1AA /* SKAction+SpecialEffects.swift */; };
		FBFC276D1BBE26360012C1AA /* SKColor+Extensions.swift in Sources */ = {isa = PBXBuildFile; fileRef = FBFC275B1BBE26360012C1AA /* SKColor+Extensions.swift */; };
		FBFC276E1BBE26360012C1AA /* SKColor+Extensions.swift in Sources */ = {isa = PBXBuildFile; fileRef = FBFC275B1BBE26360012C1AA /* SKColor+Extensions.swift */; };
		FBFC276F1BBE26360012C1AA /* SKNode+Extensions.swift in Sources */ = {isa = PBXBuildFile; fileRef = FBFC275C1BBE26360012C1AA /* SKNode+Extensions.swift */; };
		FBFC27701BBE26360012C1AA /* SKNode+Extensions.swift in Sources */ = {isa = PBXBuildFile; fileRef = FBFC275C1BBE26360012C1AA /* SKNode+Extensions.swift */; };
		FBFC27711BBE26360012C1AA /* SKTAudio.swift in Sources */ = {isa = PBXBuildFile; fileRef = FBFC275D1BBE26360012C1AA /* SKTAudio.swift */; };
		FBFC27721BBE26360012C1AA /* SKTAudio.swift in Sources */ = {isa = PBXBuildFile; fileRef = FBFC275D1BBE26360012C1AA /* SKTAudio.swift */; };
		FBFC27731BBE26360012C1AA /* SKTEffects.swift in Sources */ = {isa = PBXBuildFile; fileRef = FBFC275E1BBE26360012C1AA /* SKTEffects.swift */; };
		FBFC27741BBE26360012C1AA /* SKTEffects.swift in Sources */ = {isa = PBXBuildFile; fileRef = FBFC275E1BBE26360012C1AA /* SKTEffects.swift */; };
		FBFC27751BBE26360012C1AA /* SKTTimingFunctions.swift in Sources */ = {isa = PBXBuildFile; fileRef = FBFC275F1BBE26360012C1AA /* SKTTimingFunctions.swift */; };
		FBFC27761BBE26360012C1AA /* SKTTimingFunctions.swift in Sources */ = {isa = PBXBuildFile; fileRef = FBFC275F1BBE26360012C1AA /* SKTTimingFunctions.swift */; };
		FBFC27771BBE26360012C1AA /* Vector3.swift in Sources */ = {isa = PBXBuildFile; fileRef = FBFC27601BBE26360012C1AA /* Vector3.swift */; };
		FBFC27781BBE26360012C1AA /* Vector3.swift in Sources */ = {isa = PBXBuildFile; fileRef = FBFC27601BBE26360012C1AA /* Vector3.swift */; };
		FBFEFA251C4B29F300E0B2AF /* Mountain.swift in Sources */ = {isa = PBXBuildFile; fileRef = FBFEFA241C4B29F300E0B2AF /* Mountain.swift */; };
		FBFEFA261C4B29F300E0B2AF /* Mountain.swift in Sources */ = {isa = PBXBuildFile; fileRef = FBFEFA241C4B29F300E0B2AF /* Mountain.swift */; };
/* End PBXBuildFile section */

/* Begin PBXContainerItemProxy section */
		C56080E61C56DA4C00C167FD /* PBXContainerItemProxy */ = {
			isa = PBXContainerItemProxy;
			containerPortal = FB8D268C1BB71620000B548E /* Project object */;
			proxyType = 1;
			remoteGlobalIDString = FB8D26F91BB717A1000B548E;
			remoteInfo = iOS;
		};
/* End PBXContainerItemProxy section */

/* Begin PBXFileReference section */
		C52F0A951BCD42DD009C59B2 /* PulseAnimation.swift */ = {isa = PBXFileReference; fileEncoding = 4; lastKnownFileType = sourcecode.swift; path = PulseAnimation.swift; sourceTree = "<group>"; };
		C544CE751C4FD7CF00F24338 /* Scene.xcassets */ = {isa = PBXFileReference; lastKnownFileType = folder.assetcatalog; path = Scene.xcassets; sourceTree = "<group>"; };
		C544CE771C4FD9E800F24338 /* CreditsLogo.swift */ = {isa = PBXFileReference; fileEncoding = 4; lastKnownFileType = sourcecode.swift; path = CreditsLogo.swift; sourceTree = "<group>"; };
		C545A0741C49A2E50008253C /* Background.swift */ = {isa = PBXFileReference; fileEncoding = 4; lastKnownFileType = sourcecode.swift; path = Background.swift; sourceTree = "<group>"; };
		C545A0771C49A58A0008253C /* Platform.swift */ = {isa = PBXFileReference; fileEncoding = 4; lastKnownFileType = sourcecode.swift; path = Platform.swift; sourceTree = "<group>"; };
		C56080E11C56DA4B00C167FD /* RampagingDragonsTests.xctest */ = {isa = PBXFileReference; explicitFileType = wrapper.cfbundle; includeInIndex = 0; path = RampagingDragonsTests.xctest; sourceTree = BUILT_PRODUCTS_DIR; };
		C56080E51C56DA4C00C167FD /* Info.plist */ = {isa = PBXFileReference; lastKnownFileType = text.plist.xml; path = Info.plist; sourceTree = "<group>"; };
		C56080EB1C56DBBF00C167FD /* TestUtil.swift */ = {isa = PBXFileReference; fileEncoding = 4; lastKnownFileType = sourcecode.swift; path = TestUtil.swift; sourceTree = "<group>"; };
		C56080F01C56E16600C167FD /* BackgroundTests.swift */ = {isa = PBXFileReference; fileEncoding = 4; lastKnownFileType = sourcecode.swift; path = BackgroundTests.swift; sourceTree = "<group>"; };
		C56080F11C56E16600C167FD /* CreditsLogoTests.swift */ = {isa = PBXFileReference; fileEncoding = 4; lastKnownFileType = sourcecode.swift; path = CreditsLogoTests.swift; sourceTree = "<group>"; };
		C56080F51C56E1F400C167FD /* ControlPadTests.swift */ = {isa = PBXFileReference; fileEncoding = 4; lastKnownFileType = sourcecode.swift; path = ControlPadTests.swift; sourceTree = "<group>"; };
		C56080F61C56E1F400C167FD /* DragonTests.swift */ = {isa = PBXFileReference; fileEncoding = 4; lastKnownFileType = sourcecode.swift; path = DragonTests.swift; sourceTree = "<group>"; };
		C56080F71C56E1F400C167FD /* FireballTests.swift */ = {isa = PBXFileReference; fileEncoding = 4; lastKnownFileType = sourcecode.swift; path = FireballTests.swift; sourceTree = "<group>"; };
		C56080F81C56E1F400C167FD /* IntroGraphicTests.swift */ = {isa = PBXFileReference; fileEncoding = 4; lastKnownFileType = sourcecode.swift; path = IntroGraphicTests.swift; sourceTree = "<group>"; };
		C56080F91C56E1F400C167FD /* LogoTests.swift */ = {isa = PBXFileReference; fileEncoding = 4; lastKnownFileType = sourcecode.swift; path = LogoTests.swift; sourceTree = "<group>"; };
		C56080FA1C56E1F400C167FD /* MountainTests.swift */ = {isa = PBXFileReference; fileEncoding = 4; lastKnownFileType = sourcecode.swift; path = MountainTests.swift; sourceTree = "<group>"; };
		C56080FB1C56E1F400C167FD /* OverlayNodeTests.swift */ = {isa = PBXFileReference; fileEncoding = 4; lastKnownFileType = sourcecode.swift; path = OverlayNodeTests.swift; sourceTree = "<group>"; };
		C56080FC1C56E1F400C167FD /* PlatformTests.swift */ = {isa = PBXFileReference; fileEncoding = 4; lastKnownFileType = sourcecode.swift; path = PlatformTests.swift; sourceTree = "<group>"; };
		C56080FD1C56E1F400C167FD /* PlayButtonTests.swift */ = {isa = PBXFileReference; fileEncoding = 4; lastKnownFileType = sourcecode.swift; path = PlayButtonTests.swift; sourceTree = "<group>"; };
		C56080FE1C56E1F400C167FD /* PlayerTests.swift */ = {isa = PBXFileReference; fileEncoding = 4; lastKnownFileType = sourcecode.swift; path = PlayerTests.swift; sourceTree = "<group>"; };
		C56080FF1C56E1F400C167FD /* ScoreBoardTests.swift */ = {isa = PBXFileReference; fileEncoding = 4; lastKnownFileType = sourcecode.swift; path = ScoreBoardTests.swift; sourceTree = "<group>"; };
		C56081001C56E1F400C167FD /* ScoreLabelTests.swift */ = {isa = PBXFileReference; fileEncoding = 4; lastKnownFileType = sourcecode.swift; path = ScoreLabelTests.swift; sourceTree = "<group>"; };
		C56081011C56E1F400C167FD /* ScoreManagerTests.swift */ = {isa = PBXFileReference; fileEncoding = 4; lastKnownFileType = sourcecode.swift; path = ScoreManagerTests.swift; sourceTree = "<group>"; };
		C56DA5171C50349900D50218 /* GameKitHelper.swift */ = {isa = PBXFileReference; fileEncoding = 4; lastKnownFileType = sourcecode.swift; path = GameKitHelper.swift; sourceTree = "<group>"; };
		C56DA51A1C512A4B00D50218 /* UIColor+Extra.swift */ = {isa = PBXFileReference; fileEncoding = 4; lastKnownFileType = sourcecode.swift; path = "UIColor+Extra.swift"; sourceTree = "<group>"; };
		C56DA51D1C512FBE00D50218 /* OverlayNode.swift */ = {isa = PBXFileReference; fileEncoding = 4; lastKnownFileType = sourcecode.swift; path = OverlayNode.swift; sourceTree = "<group>"; };
		C58C08C11C4D9B13000E4A29 /* IntroGraphic.swift */ = {isa = PBXFileReference; fileEncoding = 4; lastKnownFileType = sourcecode.swift; path = IntroGraphic.swift; sourceTree = "<group>"; };
		C59E3A4A1BC808020037F3B3 /* Logo.swift */ = {isa = PBXFileReference; fileEncoding = 4; lastKnownFileType = sourcecode.swift; path = Logo.swift; sourceTree = "<group>"; };
		C59E3A4D1BC8082D0037F3B3 /* TextureAtlasManager.swift */ = {isa = PBXFileReference; fileEncoding = 4; lastKnownFileType = sourcecode.swift; path = TextureAtlasManager.swift; sourceTree = "<group>"; };
		C5D548471C5130EB00F64B0C /* PlayButton.swift */ = {isa = PBXFileReference; fileEncoding = 4; lastKnownFileType = sourcecode.swift; path = PlayButton.swift; sourceTree = "<group>"; };
		FB0BBBAB1BBCB11B00A0BB53 /* GameKit.framework */ = {isa = PBXFileReference; lastKnownFileType = wrapper.framework; name = GameKit.framework; path = Platforms/AppleTVOS.platform/Developer/SDKs/AppleTVOS9.0.sdk/System/Library/Frameworks/GameKit.framework; sourceTree = DEVELOPER_DIR; };
		FB0BBBAD1BBCCDEF00A0BB53 /* ScoreBoard.swift */ = {isa = PBXFileReference; fileEncoding = 4; lastKnownFileType = sourcecode.swift; path = ScoreBoard.swift; sourceTree = "<group>"; };
		FB4910D61BBB88900094EC7E /* ScoreManager.swift */ = {isa = PBXFileReference; fileEncoding = 4; lastKnownFileType = sourcecode.swift; path = ScoreManager.swift; sourceTree = "<group>"; };
		FB4910D91BBB8B6C0094EC7E /* iOS.entitlements */ = {isa = PBXFileReference; lastKnownFileType = text.xml; path = iOS.entitlements; sourceTree = "<group>"; };
		FB4910DA1BBB8C1C0094EC7E /* RampagingDragons.entitlements */ = {isa = PBXFileReference; lastKnownFileType = text.xml; path = RampagingDragons.entitlements; sourceTree = "<group>"; };
		FB4910DB1BBB92520094EC7E /* titlesong.wav */ = {isa = PBXFileReference; lastKnownFileType = audio.wav; path = titlesong.wav; sourceTree = "<group>"; };
		FB6F9C741C5079D400F1040A /* Fabric.framework */ = {isa = PBXFileReference; lastKnownFileType = wrapper.framework; path = Fabric.framework; sourceTree = SOURCE_ROOT; };
		FB6F9C751C5079D400F1040A /* Crashlytics.framework */ = {isa = PBXFileReference; lastKnownFileType = wrapper.framework; path = Crashlytics.framework; sourceTree = SOURCE_ROOT; };
		FB7BDEF41BC4D33100CCAD52 /* PauseScene.sks */ = {isa = PBXFileReference; lastKnownFileType = file.sks; path = PauseScene.sks; sourceTree = "<group>"; };
		FB8D26E11BB71772000B548E /* RampagingDragons.app */ = {isa = PBXFileReference; explicitFileType = wrapper.application; includeInIndex = 0; path = RampagingDragons.app; sourceTree = BUILT_PRODUCTS_DIR; };
		FB8D26E31BB71773000B548E /* AppDelegate.swift */ = {isa = PBXFileReference; lastKnownFileType = sourcecode.swift; path = AppDelegate.swift; sourceTree = "<group>"; };
		FB8D26E91BB71773000B548E /* GameViewController.swift */ = {isa = PBXFileReference; lastKnownFileType = sourcecode.swift; path = GameViewController.swift; sourceTree = "<group>"; };
		FB8D26EE1BB71773000B548E /* Base */ = {isa = PBXFileReference; lastKnownFileType = file.storyboard; name = Base; path = Base.lproj/Main.storyboard; sourceTree = "<group>"; };
		FB8D26F01BB71773000B548E /* Assets.xcassets */ = {isa = PBXFileReference; lastKnownFileType = folder.assetcatalog; path = Assets.xcassets; sourceTree = "<group>"; };
		FB8D26F21BB71773000B548E /* Info.plist */ = {isa = PBXFileReference; lastKnownFileType = text.plist.xml; path = Info.plist; sourceTree = "<group>"; };
		FB8D26FA1BB717A1000B548E /* RampagingDragons.app */ = {isa = PBXFileReference; explicitFileType = wrapper.application; includeInIndex = 0; path = RampagingDragons.app; sourceTree = BUILT_PRODUCTS_DIR; };
		FB8D26FC1BB717A1000B548E /* AppDelegate.swift */ = {isa = PBXFileReference; lastKnownFileType = sourcecode.swift; path = AppDelegate.swift; sourceTree = "<group>"; };
		FB8D27021BB717A1000B548E /* GameViewController.swift */ = {isa = PBXFileReference; lastKnownFileType = sourcecode.swift; path = GameViewController.swift; sourceTree = "<group>"; };
		FB8D27051BB717A1000B548E /* Base */ = {isa = PBXFileReference; lastKnownFileType = file.storyboard; name = Base; path = Base.lproj/Main.storyboard; sourceTree = "<group>"; };
		FB8D27071BB717A1000B548E /* Assets.xcassets */ = {isa = PBXFileReference; lastKnownFileType = folder.assetcatalog; path = Assets.xcassets; sourceTree = "<group>"; };
		FB8D270C1BB717A1000B548E /* Info.plist */ = {isa = PBXFileReference; lastKnownFileType = text.plist.xml; path = Info.plist; sourceTree = "<group>"; };
		FB9FFD841BB726E0004D4119 /* Dragons.xcassets */ = {isa = PBXFileReference; lastKnownFileType = folder.assetcatalog; path = Dragons.xcassets; sourceTree = "<group>"; };
		FBA743D01BB71E5200AC4B44 /* GameScene.sks */ = {isa = PBXFileReference; lastKnownFileType = file.sks; path = GameScene.sks; sourceTree = "<group>"; };
		FBA743D11BB71E5200AC4B44 /* GameScene.swift */ = {isa = PBXFileReference; fileEncoding = 4; lastKnownFileType = sourcecode.swift; path = GameScene.swift; sourceTree = "<group>"; };
		FBCD329C1BBA19B000FAB2D1 /* pop.wav */ = {isa = PBXFileReference; lastKnownFileType = audio.wav; path = pop.wav; sourceTree = "<group>"; };
		FBCD329D1BBA19B000FAB2D1 /* roar.wav */ = {isa = PBXFileReference; lastKnownFileType = audio.wav; path = roar.wav; sourceTree = "<group>"; };
		FBCD32A21BBA3B9D00FAB2D1 /* spark.png */ = {isa = PBXFileReference; lastKnownFileType = image.png; path = spark.png; sourceTree = "<group>"; };
		FBD20A341C58544000AF7E73 /* PhysicsCategory.swift */ = {isa = PBXFileReference; fileEncoding = 4; lastKnownFileType = sourcecode.swift; path = PhysicsCategory.swift; sourceTree = "<group>"; };
		FBD20A381C58555B00AF7E73 /* MovementComponent.swift */ = {isa = PBXFileReference; fileEncoding = 4; lastKnownFileType = sourcecode.swift; path = MovementComponent.swift; sourceTree = "<group>"; };
		FBD20A391C58555B00AF7E73 /* SpriteComponent.swift */ = {isa = PBXFileReference; fileEncoding = 4; lastKnownFileType = sourcecode.swift; path = SpriteComponent.swift; sourceTree = "<group>"; };
		FBD20A3A1C58555B00AF7E73 /* ControlPad.swift */ = {isa = PBXFileReference; fileEncoding = 4; lastKnownFileType = sourcecode.swift; path = ControlPad.swift; sourceTree = "<group>"; };
		FBD20A3B1C58555B00AF7E73 /* ControlPadPaintCodeImage.swift */ = {isa = PBXFileReference; fileEncoding = 4; lastKnownFileType = sourcecode.swift; path = ControlPadPaintCodeImage.swift; sourceTree = "<group>"; };
		FBD20A3D1C58555B00AF7E73 /* PlayerEntity.swift */ = {isa = PBXFileReference; fileEncoding = 4; lastKnownFileType = sourcecode.swift; path = PlayerEntity.swift; sourceTree = "<group>"; };
		FBD20A491C58568500AF7E73 /* IntroState.swift */ = {isa = PBXFileReference; fileEncoding = 4; lastKnownFileType = sourcecode.swift; path = IntroState.swift; sourceTree = "<group>"; };
		FBD20A4C1C58568E00AF7E73 /* PlayingState.swift */ = {isa = PBXFileReference; fileEncoding = 4; lastKnownFileType = sourcecode.swift; path = PlayingState.swift; sourceTree = "<group>"; };
		FBD20A4F1C58569700AF7E73 /* GameOverState.swift */ = {isa = PBXFileReference; fileEncoding = 4; lastKnownFileType = sourcecode.swift; path = GameOverState.swift; sourceTree = "<group>"; };
		FBD20A521C5874B400AF7E73 /* GameStateProtocol.swift */ = {isa = PBXFileReference; fileEncoding = 4; lastKnownFileType = sourcecode.swift; path = GameStateProtocol.swift; sourceTree = "<group>"; };
		FBE8878D1C50829700D1F92B /* MenuScene.swift */ = {isa = PBXFileReference; fileEncoding = 4; lastKnownFileType = sourcecode.swift; path = MenuScene.swift; sourceTree = "<group>"; };
		FBE8878F1C5082A000D1F92B /* MenuScene.swift */ = {isa = PBXFileReference; fileEncoding = 4; lastKnownFileType = sourcecode.swift; path = MenuScene.swift; sourceTree = "<group>"; };
		FBEAB7141BCCA4BE00054888 /* ScoreLabel.swift */ = {isa = PBXFileReference; fileEncoding = 4; lastKnownFileType = sourcecode.swift; path = ScoreLabel.swift; sourceTree = "<group>"; };
		FBEBAB791BB763FF004D455D /* Player.xcassets */ = {isa = PBXFileReference; lastKnownFileType = folder.assetcatalog; path = Player.xcassets; sourceTree = "<group>"; };
		FBEBAB7F1BB765B6004D455D /* Dragon.swift */ = {isa = PBXFileReference; fileEncoding = 4; lastKnownFileType = sourcecode.swift; path = Dragon.swift; sourceTree = "<group>"; };
		FBEBAB871BB782FD004D455D /* GameOver.xcassets */ = {isa = PBXFileReference; lastKnownFileType = folder.assetcatalog; path = GameOver.xcassets; sourceTree = "<group>"; };
		FBEBAB8D1BB78350004D455D /* Intro.xcassets */ = {isa = PBXFileReference; lastKnownFileType = folder.assetcatalog; path = Intro.xcassets; sourceTree = "<group>"; };
		FBEBAB901BB783FB004D455D /* Fire.xcassets */ = {isa = PBXFileReference; lastKnownFileType = folder.assetcatalog; path = Fire.xcassets; sourceTree = "<group>"; };
		FBEBAB9B1BB89E6C004D455D /* Fireball.swift */ = {isa = PBXFileReference; fileEncoding = 4; lastKnownFileType = sourcecode.swift; path = Fireball.swift; sourceTree = "<group>"; };
		FBFC27551BBE26360012C1AA /* CGFloat+Extensions.swift */ = {isa = PBXFileReference; fileEncoding = 4; lastKnownFileType = sourcecode.swift; path = "CGFloat+Extensions.swift"; sourceTree = "<group>"; };
		FBFC27561BBE26360012C1AA /* CGPoint+Extensions.swift */ = {isa = PBXFileReference; fileEncoding = 4; lastKnownFileType = sourcecode.swift; path = "CGPoint+Extensions.swift"; sourceTree = "<group>"; };
		FBFC27571BBE26360012C1AA /* CGVector+Extensions.swift */ = {isa = PBXFileReference; fileEncoding = 4; lastKnownFileType = sourcecode.swift; path = "CGVector+Extensions.swift"; sourceTree = "<group>"; };
		FBFC27581BBE26360012C1AA /* Int+Extensions.swift */ = {isa = PBXFileReference; fileEncoding = 4; lastKnownFileType = sourcecode.swift; path = "Int+Extensions.swift"; sourceTree = "<group>"; };
		FBFC27591BBE26360012C1AA /* SKAction+Extensions.swift */ = {isa = PBXFileReference; fileEncoding = 4; lastKnownFileType = sourcecode.swift; path = "SKAction+Extensions.swift"; sourceTree = "<group>"; };
		FBFC275A1BBE26360012C1AA /* SKAction+SpecialEffects.swift */ = {isa = PBXFileReference; fileEncoding = 4; lastKnownFileType = sourcecode.swift; path = "SKAction+SpecialEffects.swift"; sourceTree = "<group>"; };
		FBFC275B1BBE26360012C1AA /* SKColor+Extensions.swift */ = {isa = PBXFileReference; fileEncoding = 4; lastKnownFileType = sourcecode.swift; path = "SKColor+Extensions.swift"; sourceTree = "<group>"; };
		FBFC275C1BBE26360012C1AA /* SKNode+Extensions.swift */ = {isa = PBXFileReference; fileEncoding = 4; lastKnownFileType = sourcecode.swift; path = "SKNode+Extensions.swift"; sourceTree = "<group>"; };
		FBFC275D1BBE26360012C1AA /* SKTAudio.swift */ = {isa = PBXFileReference; fileEncoding = 4; lastKnownFileType = sourcecode.swift; path = SKTAudio.swift; sourceTree = "<group>"; };
		FBFC275E1BBE26360012C1AA /* SKTEffects.swift */ = {isa = PBXFileReference; fileEncoding = 4; lastKnownFileType = sourcecode.swift; path = SKTEffects.swift; sourceTree = "<group>"; };
		FBFC275F1BBE26360012C1AA /* SKTTimingFunctions.swift */ = {isa = PBXFileReference; fileEncoding = 4; lastKnownFileType = sourcecode.swift; path = SKTTimingFunctions.swift; sourceTree = "<group>"; };
		FBFC27601BBE26360012C1AA /* Vector3.swift */ = {isa = PBXFileReference; fileEncoding = 4; lastKnownFileType = sourcecode.swift; path = Vector3.swift; sourceTree = "<group>"; };
		FBFEFA241C4B29F300E0B2AF /* Mountain.swift */ = {isa = PBXFileReference; fileEncoding = 4; lastKnownFileType = sourcecode.swift; path = Mountain.swift; sourceTree = "<group>"; };
/* End PBXFileReference section */

/* Begin PBXFrameworksBuildPhase section */
		C56080DE1C56DA4B00C167FD /* Frameworks */ = {
			isa = PBXFrameworksBuildPhase;
			buildActionMask = 2147483647;
			files = (
			);
			runOnlyForDeploymentPostprocessing = 0;
		};
		FB8D26DE1BB71772000B548E /* Frameworks */ = {
			isa = PBXFrameworksBuildPhase;
			buildActionMask = 2147483647;
			files = (
				FB0BBBAC1BBCB11B00A0BB53 /* GameKit.framework in Frameworks */,
				FB6F9C791C5079D400F1040A /* Crashlytics.framework in Frameworks */,
				FB6F9C771C5079D400F1040A /* Fabric.framework in Frameworks */,
			);
			runOnlyForDeploymentPostprocessing = 0;
		};
		FB8D26F71BB717A1000B548E /* Frameworks */ = {
			isa = PBXFrameworksBuildPhase;
			buildActionMask = 2147483647;
			files = (
				C5E0B27C1BBF182F0003BBFB /* GameKit.framework in Frameworks */,
				FB6F9C781C5079D400F1040A /* Crashlytics.framework in Frameworks */,
				FB6F9C761C5079D400F1040A /* Fabric.framework in Frameworks */,
			);
			runOnlyForDeploymentPostprocessing = 0;
		};
/* End PBXFrameworksBuildPhase section */

/* Begin PBXGroup section */
		C544CE741C4FD7CF00F24338 /* Scene */ = {
			isa = PBXGroup;
			children = (
				C544CE751C4FD7CF00F24338 /* Scene.xcassets */,
			);
			path = Scene;
			sourceTree = "<group>";
		};
		C56080E21C56DA4B00C167FD /* RampagingDragonsTests */ = {
			isa = PBXGroup;
			children = (
				C56080EF1C56E16600C167FD /* GameElements */,
				C56080E51C56DA4C00C167FD /* Info.plist */,
				C56080EB1C56DBBF00C167FD /* TestUtil.swift */,
			);
			path = RampagingDragonsTests;
			sourceTree = "<group>";
		};
		C56080EF1C56E16600C167FD /* GameElements */ = {
			isa = PBXGroup;
			children = (
				C56080F41C56E1F400C167FD /* Control */,
				C56080F61C56E1F400C167FD /* DragonTests.swift */,
				C56080F71C56E1F400C167FD /* FireballTests.swift */,
				C56080F81C56E1F400C167FD /* IntroGraphicTests.swift */,
				C56080F91C56E1F400C167FD /* LogoTests.swift */,
				C56080FA1C56E1F400C167FD /* MountainTests.swift */,
				C56080FB1C56E1F400C167FD /* OverlayNodeTests.swift */,
				C56080FC1C56E1F400C167FD /* PlatformTests.swift */,
				C56080FD1C56E1F400C167FD /* PlayButtonTests.swift */,
				C56080FE1C56E1F400C167FD /* PlayerTests.swift */,
				C56080FF1C56E1F400C167FD /* ScoreBoardTests.swift */,
				C56081001C56E1F400C167FD /* ScoreLabelTests.swift */,
				C56081011C56E1F400C167FD /* ScoreManagerTests.swift */,
				C56080F01C56E16600C167FD /* BackgroundTests.swift */,
				C56080F11C56E16600C167FD /* CreditsLogoTests.swift */,
			);
			path = GameElements;
			sourceTree = "<group>";
		};
		C56080F41C56E1F400C167FD /* Control */ = {
			isa = PBXGroup;
			children = (
				C56080F51C56E1F400C167FD /* ControlPadTests.swift */,
			);
			path = Control;
			sourceTree = "<group>";
		};
		FB8D268B1BB71620000B548E = {
			isa = PBXGroup;
			children = (
				FBA743D61BB7212B00AC4B44 /* Assets */,
				FBEBAB7C1BB7658C004D455D /* GameElements */,
				FB0BBBAB1BBCB11B00A0BB53 /* GameKit.framework */,
				FB8D26FB1BB717A1000B548E /* iOS */,
				C56080E21C56DA4B00C167FD /* RampagingDragonsTests */,
				FB8D26951BB71620000B548E /* Products */,
				FBA743CF1BB71DE000AC4B44 /* Scenes */,
				FB8D26E21BB71773000B548E /* tvOS */,
				FBFC272C1BBE244B0012C1AA /* Util */,
			);
			sourceTree = "<group>";
		};
		FB8D26951BB71620000B548E /* Products */ = {
			isa = PBXGroup;
			children = (
				FB8D26E11BB71772000B548E /* RampagingDragons.app */,
				FB8D26FA1BB717A1000B548E /* RampagingDragons.app */,
				C56080E11C56DA4B00C167FD /* RampagingDragonsTests.xctest */,
			);
			name = Products;
			sourceTree = "<group>";
		};
		FB8D26E21BB71773000B548E /* tvOS */ = {
			isa = PBXGroup;
			children = (
				FBE8878D1C50829700D1F92B /* MenuScene.swift */,
				FB4910DA1BBB8C1C0094EC7E /* RampagingDragons.entitlements */,
				FB8D26E31BB71773000B548E /* AppDelegate.swift */,
				FB8D26E91BB71773000B548E /* GameViewController.swift */,
				FB8D26ED1BB71773000B548E /* Main.storyboard */,
				FB8D26F01BB71773000B548E /* Assets.xcassets */,
				FB8D26F21BB71773000B548E /* Info.plist */,
			);
			path = tvOS;
			sourceTree = "<group>";
		};
		FB8D26FB1BB717A1000B548E /* iOS */ = {
			isa = PBXGroup;
			children = (
				FBE8878F1C5082A000D1F92B /* MenuScene.swift */,
				FB4910D91BBB8B6C0094EC7E /* iOS.entitlements */,
				FB8D26FC1BB717A1000B548E /* AppDelegate.swift */,
				FB8D27021BB717A1000B548E /* GameViewController.swift */,
				FB8D27041BB717A1000B548E /* Main.storyboard */,
				FB8D27071BB717A1000B548E /* Assets.xcassets */,
				FB8D270C1BB717A1000B548E /* Info.plist */,
			);
			path = iOS;
			sourceTree = "<group>";
		};
		FBA743CF1BB71DE000AC4B44 /* Scenes */ = {
			isa = PBXGroup;
			children = (
				FBA743D01BB71E5200AC4B44 /* GameScene.sks */,
				FBA743D11BB71E5200AC4B44 /* GameScene.swift */,
				FB7BDEF41BC4D33100CCAD52 /* PauseScene.sks */,
			);
			path = Scenes;
			sourceTree = "<group>";
		};
		FBA743D61BB7212B00AC4B44 /* Assets */ = {
			isa = PBXGroup;
			children = (
				C544CE741C4FD7CF00F24338 /* Scene */,
				FBCD32A21BBA3B9D00FAB2D1 /* spark.png */,
				FBCD329B1BBA19B000FAB2D1 /* Sounds */,
				FBEBAB8F1BB783FB004D455D /* Fire */,
				FBEBAB8C1BB78350004D455D /* Intro */,
				FBA743D71BB7212B00AC4B44 /* Dragons */,
				FBEBAB861BB782FD004D455D /* GameOver */,
				FBEBAB781BB763FF004D455D /* Player */,
				C59E3A4D1BC8082D0037F3B3 /* TextureAtlasManager.swift */,
			);
			path = Assets;
			sourceTree = "<group>";
		};
		FBA743D71BB7212B00AC4B44 /* Dragons */ = {
			isa = PBXGroup;
			children = (
				FB9FFD841BB726E0004D4119 /* Dragons.xcassets */,
			);
			path = Dragons;
			sourceTree = "<group>";
		};
		FBCD329B1BBA19B000FAB2D1 /* Sounds */ = {
			isa = PBXGroup;
			children = (
				FB4910DB1BBB92520094EC7E /* titlesong.wav */,
				FBCD329C1BBA19B000FAB2D1 /* pop.wav */,
				FBCD329D1BBA19B000FAB2D1 /* roar.wav */,
			);
			path = Sounds;
			sourceTree = "<group>";
		};
		FBD20A371C58555B00AF7E73 /* Components */ = {
			isa = PBXGroup;
			children = (
				FBD20A381C58555B00AF7E73 /* MovementComponent.swift */,
				FBD20A391C58555B00AF7E73 /* SpriteComponent.swift */,
			);
			path = Components;
			sourceTree = "<group>";
		};
		FBD20A3C1C58555B00AF7E73 /* Entities */ = {
			isa = PBXGroup;
			children = (
				FBD20A3D1C58555B00AF7E73 /* PlayerEntity.swift */,
			);
			path = Entities;
			sourceTree = "<group>";
		};
		FBD20A3E1C58555B00AF7E73 /* Game States */ = {
			isa = PBXGroup;
			children = (
				FBD20A491C58568500AF7E73 /* IntroState.swift */,
				FBD20A4C1C58568E00AF7E73 /* PlayingState.swift */,
				FBD20A4F1C58569700AF7E73 /* GameOverState.swift */,
				FBD20A521C5874B400AF7E73 /* GameStateProtocol.swift */,
			);
			path = "Game States";
			sourceTree = "<group>";
		};
		FBEBAB781BB763FF004D455D /* Player */ = {
			isa = PBXGroup;
			children = (
				FBEBAB791BB763FF004D455D /* Player.xcassets */,
			);
			path = Player;
			sourceTree = "<group>";
		};
		FBEBAB7C1BB7658C004D455D /* GameElements */ = {
			isa = PBXGroup;
			children = (
				C545A0741C49A2E50008253C /* Background.swift */,
				FBD20A371C58555B00AF7E73 /* Components */,
				FBD20A3A1C58555B00AF7E73 /* ControlPad.swift */,
				FBD20A3B1C58555B00AF7E73 /* ControlPadPaintCodeImage.swift */,
				C544CE771C4FD9E800F24338 /* CreditsLogo.swift */,
				FBEBAB7F1BB765B6004D455D /* Dragon.swift */,
				FBD20A3C1C58555B00AF7E73 /* Entities */,
				FBEBAB9B1BB89E6C004D455D /* Fireball.swift */,
				FBD20A3E1C58555B00AF7E73 /* Game States */,
				C58C08C11C4D9B13000E4A29 /* IntroGraphic.swift */,
				C59E3A4A1BC808020037F3B3 /* Logo.swift */,
				FBFEFA241C4B29F300E0B2AF /* Mountain.swift */,
				C56DA51D1C512FBE00D50218 /* OverlayNode.swift */,
				FBD20A341C58544000AF7E73 /* PhysicsCategory.swift */,
				C545A0771C49A58A0008253C /* Platform.swift */,
				C5D548471C5130EB00F64B0C /* PlayButton.swift */,
				FB0BBBAD1BBCCDEF00A0BB53 /* ScoreBoard.swift */,
				FBEAB7141BCCA4BE00054888 /* ScoreLabel.swift */,
				FB4910D61BBB88900094EC7E /* ScoreManager.swift */,
			);
			path = GameElements;
			sourceTree = "<group>";
		};
		FBEBAB861BB782FD004D455D /* GameOver */ = {
			isa = PBXGroup;
			children = (
				FBEBAB871BB782FD004D455D /* GameOver.xcassets */,
			);
			path = GameOver;
			sourceTree = "<group>";
		};
		FBEBAB8C1BB78350004D455D /* Intro */ = {
			isa = PBXGroup;
			children = (
				FBEBAB8D1BB78350004D455D /* Intro.xcassets */,
			);
			path = Intro;
			sourceTree = "<group>";
		};
		FBEBAB8F1BB783FB004D455D /* Fire */ = {
			isa = PBXGroup;
			children = (
				FBEBAB901BB783FB004D455D /* Fire.xcassets */,
			);
			path = Fire;
			sourceTree = "<group>";
		};
		FBFC272C1BBE244B0012C1AA /* Util */ = {
			isa = PBXGroup;
			children = (
				FB6F9C741C5079D400F1040A /* Fabric.framework */,
				FB6F9C751C5079D400F1040A /* Crashlytics.framework */,
				FBFC272D1BBE244B0012C1AA /* SKTUtils */,
				C52F0A951BCD42DD009C59B2 /* PulseAnimation.swift */,
				C56DA5171C50349900D50218 /* GameKitHelper.swift */,
				C56DA51A1C512A4B00D50218 /* UIColor+Extra.swift */,
			);
			path = Util;
			sourceTree = "<group>";
		};
		FBFC272D1BBE244B0012C1AA /* SKTUtils */ = {
			isa = PBXGroup;
			children = (
				FBFC27551BBE26360012C1AA /* CGFloat+Extensions.swift */,
				FBFC27561BBE26360012C1AA /* CGPoint+Extensions.swift */,
				FBFC27571BBE26360012C1AA /* CGVector+Extensions.swift */,
				FBFC27581BBE26360012C1AA /* Int+Extensions.swift */,
				FBFC27591BBE26360012C1AA /* SKAction+Extensions.swift */,
				FBFC275A1BBE26360012C1AA /* SKAction+SpecialEffects.swift */,
				FBFC275B1BBE26360012C1AA /* SKColor+Extensions.swift */,
				FBFC275C1BBE26360012C1AA /* SKNode+Extensions.swift */,
				FBFC275D1BBE26360012C1AA /* SKTAudio.swift */,
				FBFC275E1BBE26360012C1AA /* SKTEffects.swift */,
				FBFC275F1BBE26360012C1AA /* SKTTimingFunctions.swift */,
				FBFC27601BBE26360012C1AA /* Vector3.swift */,
			);
			path = SKTUtils;
			sourceTree = "<group>";
		};
/* End PBXGroup section */

/* Begin PBXNativeTarget section */
		C56080E01C56DA4B00C167FD /* RampagingDragonsTests */ = {
			isa = PBXNativeTarget;
			buildConfigurationList = C56080EA1C56DA4C00C167FD /* Build configuration list for PBXNativeTarget "RampagingDragonsTests" */;
			buildPhases = (
				C56080DD1C56DA4B00C167FD /* Sources */,
				C56080DE1C56DA4B00C167FD /* Frameworks */,
				C56080DF1C56DA4B00C167FD /* Resources */,
			);
			buildRules = (
			);
			dependencies = (
				C56080E71C56DA4C00C167FD /* PBXTargetDependency */,
			);
			name = RampagingDragonsTests;
			productName = RampagingDragonsTests;
			productReference = C56080E11C56DA4B00C167FD /* RampagingDragonsTests.xctest */;
			productType = "com.apple.product-type.bundle.unit-test";
		};
		FB8D26E01BB71772000B548E /* tvOS */ = {
			isa = PBXNativeTarget;
			buildConfigurationList = FB8D26F31BB71773000B548E /* Build configuration list for PBXNativeTarget "tvOS" */;
			buildPhases = (
				FB8D26DD1BB71772000B548E /* Sources */,
				FB8D26DE1BB71772000B548E /* Frameworks */,
				FB8D26DF1BB71772000B548E /* Resources */,
			);
			buildRules = (
			);
			dependencies = (
			);
			name = tvOS;
			productName = tvOS;
			productReference = FB8D26E11BB71772000B548E /* RampagingDragons.app */;
			productType = "com.apple.product-type.application";
		};
		FB8D26F91BB717A1000B548E /* iOS */ = {
			isa = PBXNativeTarget;
			buildConfigurationList = FB8D270D1BB717A1000B548E /* Build configuration list for PBXNativeTarget "iOS" */;
			buildPhases = (
				FB8D26F61BB717A1000B548E /* Sources */,
				FB8D26F71BB717A1000B548E /* Frameworks */,
				FB8D26F81BB717A1000B548E /* Resources */,
				FB6F9C731C5079B500F1040A /* ShellScript */,
			);
			buildRules = (
			);
			dependencies = (
			);
			name = iOS;
			productName = iOS;
			productReference = FB8D26FA1BB717A1000B548E /* RampagingDragons.app */;
			productType = "com.apple.product-type.application";
		};
/* End PBXNativeTarget section */

/* Begin PBXProject section */
		FB8D268C1BB71620000B548E /* Project object */ = {
			isa = PBXProject;
			attributes = {
				KnownAssetTags = (
					GroundBot,
				);
				LastSwiftUpdateCheck = 0720;
				LastUpgradeCheck = 0710;
				ORGANIZATIONNAME = "Brandon Jenniges";
				TargetAttributes = {
					C56080E01C56DA4B00C167FD = {
						CreatedOnToolsVersion = 7.2;
						TestTargetID = FB8D26F91BB717A1000B548E;
					};
					FB8D26E01BB71772000B548E = {
						CreatedOnToolsVersion = 7.1;
						DevelopmentTeam = C4RFALAB5D;
						SystemCapabilities = {
							com.apple.GameCenter = {
								enabled = 1;
							};
							com.apple.iCloud = {
								enabled = 1;
							};
						};
					};
					FB8D26F91BB717A1000B548E = {
						CreatedOnToolsVersion = 7.1;
						DevelopmentTeam = C4RFALAB5D;
						SystemCapabilities = {
							com.apple.iCloud = {
								enabled = 1;
							};
						};
					};
				};
			};
			buildConfigurationList = FB8D268F1BB71620000B548E /* Build configuration list for PBXProject "Rampaging Dragons" */;
			compatibilityVersion = "Xcode 3.2";
			developmentRegion = English;
			hasScannedForEncodings = 0;
			knownRegions = (
				en,
				Base,
			);
			mainGroup = FB8D268B1BB71620000B548E;
			productRefGroup = FB8D26951BB71620000B548E /* Products */;
			projectDirPath = "";
			projectRoot = "";
			targets = (
				FB8D26F91BB717A1000B548E /* iOS */,
				FB8D26E01BB71772000B548E /* tvOS */,
				C56080E01C56DA4B00C167FD /* RampagingDragonsTests */,
			);
		};
/* End PBXProject section */

/* Begin PBXResourcesBuildPhase section */
		C56080DF1C56DA4B00C167FD /* Resources */ = {
			isa = PBXResourcesBuildPhase;
			buildActionMask = 2147483647;
			files = (
			);
			runOnlyForDeploymentPostprocessing = 0;
		};
		FB8D26DF1BB71772000B548E /* Resources */ = {
			isa = PBXResourcesBuildPhase;
			buildActionMask = 2147483647;
			files = (
				FBED7D021BBA3BCB001C73FE /* spark.png in Resources */,
				FB7BDEF61BC4D33100CCAD52 /* PauseScene.sks in Resources */,
				FB9FFD861BB72A73004D4119 /* Dragons.xcassets in Resources */,
				FBA743D51BB71F1000AC4B44 /* GameScene.sks in Resources */,
				FB8D26EF1BB71773000B548E /* Main.storyboard in Resources */,
				FB8D26F11BB71773000B548E /* Assets.xcassets in Resources */,
				FB4910DD1BBB92520094EC7E /* titlesong.wav in Resources */,
				FBEBAB7B1BB764A8004D455D /* Player.xcassets in Resources */,
				FBEBAB931BB784CA004D455D /* Intro.xcassets in Resources */,
				FBEBAB921BB784C7004D455D /* Fire.xcassets in Resources */,
				C5DE514B1BB9811B0049C321 /* GameOver.xcassets in Resources */,
			);
			runOnlyForDeploymentPostprocessing = 0;
		};
		FB8D26F81BB717A1000B548E /* Resources */ = {
			isa = PBXResourcesBuildPhase;
			buildActionMask = 2147483647;
			files = (
				FBEBAB8A1BB782FD004D455D /* GameOver.xcassets in Resources */,
				FBA743D21BB71E5200AC4B44 /* GameScene.sks in Resources */,
				FB962BBC1BD404310049A6D9 /* Dragons.xcassets in Resources */,
				FB4910D51BBB854B0094EC7E /* Fire.xcassets in Resources */,
				FB8D27081BB717A1000B548E /* Assets.xcassets in Resources */,
				FB4910DC1BBB92520094EC7E /* titlesong.wav in Resources */,
				FBEBAB7A1BB763FF004D455D /* Player.xcassets in Resources */,
				FBCD329F1BBA19B000FAB2D1 /* pop.wav in Resources */,
				FBCD32A31BBA3B9D00FAB2D1 /* spark.png in Resources */,
				FB8D27061BB717A1000B548E /* Main.storyboard in Resources */,
				FBCD32A01BBA19B000FAB2D1 /* roar.wav in Resources */,
				FB7BDEF51BC4D33100CCAD52 /* PauseScene.sks in Resources */,
				C544CE761C4FD7CF00F24338 /* Scene.xcassets in Resources */,
				FBEBAB8E1BB78350004D455D /* Intro.xcassets in Resources */,
			);
			runOnlyForDeploymentPostprocessing = 0;
		};
/* End PBXResourcesBuildPhase section */

/* Begin PBXShellScriptBuildPhase section */
		FB6F9C731C5079B500F1040A /* ShellScript */ = {
			isa = PBXShellScriptBuildPhase;
			buildActionMask = 2147483647;
			files = (
			);
			inputPaths = (
			);
			outputPaths = (
			);
			runOnlyForDeploymentPostprocessing = 0;
			shellPath = /bin/sh;
			shellScript = "./Fabric.framework/run 2bc1b233cfb91d29789e264b53638dbf1b62bdf9 173b6fc40afbe5bde847cbebe082eaab44e284cfc0dcbc2c4d9f7916df5472d9";
		};
/* End PBXShellScriptBuildPhase section */

/* Begin PBXSourcesBuildPhase section */
		C56080DD1C56DA4B00C167FD /* Sources */ = {
			isa = PBXSourcesBuildPhase;
			buildActionMask = 2147483647;
			files = (
				C56080F31C56E16600C167FD /* CreditsLogoTests.swift in Sources */,
				C560810C1C56E1F400C167FD /* ScoreBoardTests.swift in Sources */,
				C56081021C56E1F400C167FD /* ControlPadTests.swift in Sources */,
				C56081081C56E1F400C167FD /* OverlayNodeTests.swift in Sources */,
				C56081091C56E1F400C167FD /* PlatformTests.swift in Sources */,
				C56081031C56E1F400C167FD /* DragonTests.swift in Sources */,
				C56081071C56E1F400C167FD /* MountainTests.swift in Sources */,
				C560810B1C56E1F400C167FD /* PlayerTests.swift in Sources */,
				C56081051C56E1F400C167FD /* IntroGraphicTests.swift in Sources */,
				C56080EC1C56DBBF00C167FD /* TestUtil.swift in Sources */,
				C56081041C56E1F400C167FD /* FireballTests.swift in Sources */,
				C560810A1C56E1F400C167FD /* PlayButtonTests.swift in Sources */,
				C560810E1C56E1F400C167FD /* ScoreManagerTests.swift in Sources */,
				C56081061C56E1F400C167FD /* LogoTests.swift in Sources */,
				C560810D1C56E1F400C167FD /* ScoreLabelTests.swift in Sources */,
				C56080F21C56E16600C167FD /* BackgroundTests.swift in Sources */,
			);
			runOnlyForDeploymentPostprocessing = 0;
		};
		FB8D26DD1BB71772000B548E /* Sources */ = {
			isa = PBXSourcesBuildPhase;
			buildActionMask = 2147483647;
			files = (
				FBD20A461C58555B00AF7E73 /* ControlPadPaintCodeImage.swift in Sources */,
				FBFC27781BBE26360012C1AA /* Vector3.swift in Sources */,
				C5D548491C5130EB00F64B0C /* PlayButton.swift in Sources */,
				FBFC276C1BBE26360012C1AA /* SKAction+SpecialEffects.swift in Sources */,
				FBFC27741BBE26360012C1AA /* SKTEffects.swift in Sources */,
				FBD20A421C58555B00AF7E73 /* SpriteComponent.swift in Sources */,
				FBD20A4B1C58568500AF7E73 /* IntroState.swift in Sources */,
				FBD20A441C58555B00AF7E73 /* ControlPad.swift in Sources */,
				C52F0A971BCD42DD009C59B2 /* PulseAnimation.swift in Sources */,
				C56DA51F1C512FBE00D50218 /* OverlayNode.swift in Sources */,
				FBFC27621BBE26360012C1AA /* CGFloat+Extensions.swift in Sources */,
				C59E3A4C1BC808020037F3B3 /* Logo.swift in Sources */,
				FBA743D41BB71E7900AC4B44 /* GameScene.swift in Sources */,
				C59E3A4F1BC8082D0037F3B3 /* TextureAtlasManager.swift in Sources */,
				FBEAB7161BCCA4BE00054888 /* ScoreLabel.swift in Sources */,
				FB8D26EA1BB71773000B548E /* GameViewController.swift in Sources */,
				FBEBAB9D1BB89E6C004D455D /* Fireball.swift in Sources */,
				FB4910D81BBB88900094EC7E /* ScoreManager.swift in Sources */,
				FBE8878E1C50829700D1F92B /* MenuScene.swift in Sources */,
				FBD20A401C58555B00AF7E73 /* MovementComponent.swift in Sources */,
				FBEBAB811BB7660B004D455D /* Dragon.swift in Sources */,
				C545A0791C49A58A0008253C /* Platform.swift in Sources */,
				FBFC276A1BBE26360012C1AA /* SKAction+Extensions.swift in Sources */,
				C56DA5191C50349900D50218 /* GameKitHelper.swift in Sources */,
				C58C08C31C4D9B13000E4A29 /* IntroGraphic.swift in Sources */,
				C56DA51C1C512A4B00D50218 /* UIColor+Extra.swift in Sources */,
				FBD20A361C58544000AF7E73 /* PhysicsCategory.swift in Sources */,
				FBD20A4E1C58568E00AF7E73 /* PlayingState.swift in Sources */,
				FBFEFA261C4B29F300E0B2AF /* Mountain.swift in Sources */,
				FBD20A481C58555B00AF7E73 /* PlayerEntity.swift in Sources */,
				FB0BBBAF1BBCCDEF00A0BB53 /* ScoreBoard.swift in Sources */,
				FBFC27701BBE26360012C1AA /* SKNode+Extensions.swift in Sources */,
				C544CE791C4FD9E800F24338 /* CreditsLogo.swift in Sources */,
				FBFC27641BBE26360012C1AA /* CGPoint+Extensions.swift in Sources */,
				FBFC27681BBE26360012C1AA /* Int+Extensions.swift in Sources */,
				FBFC27761BBE26360012C1AA /* SKTTimingFunctions.swift in Sources */,
				FBFC27661BBE26360012C1AA /* CGVector+Extensions.swift in Sources */,
				C545A0761C49A2E50008253C /* Background.swift in Sources */,
				FBD20A541C5874B400AF7E73 /* GameStateProtocol.swift in Sources */,
				FBFC276E1BBE26360012C1AA /* SKColor+Extensions.swift in Sources */,
				FBFC27721BBE26360012C1AA /* SKTAudio.swift in Sources */,
				FBD20A511C58569700AF7E73 /* GameOverState.swift in Sources */,
				FB8D26E41BB71773000B548E /* AppDelegate.swift in Sources */,
			);
			runOnlyForDeploymentPostprocessing = 0;
		};
		FB8D26F61BB717A1000B548E /* Sources */ = {
			isa = PBXSourcesBuildPhase;
			buildActionMask = 2147483647;
			files = (
				FBD20A451C58555B00AF7E73 /* ControlPadPaintCodeImage.swift in Sources */,
				C545A0781C49A58A0008253C /* Platform.swift in Sources */,
				FBFC27771BBE26360012C1AA /* Vector3.swift in Sources */,
				FBFEFA251C4B29F300E0B2AF /* Mountain.swift in Sources */,
				FBFC276B1BBE26360012C1AA /* SKAction+SpecialEffects.swift in Sources */,
				FBD20A411C58555B00AF7E73 /* SpriteComponent.swift in Sources */,
				FBD20A4A1C58568500AF7E73 /* IntroState.swift in Sources */,
				FBD20A431C58555B00AF7E73 /* ControlPad.swift in Sources */,
				FBFC27731BBE26360012C1AA /* SKTEffects.swift in Sources */,
				C52F0A961BCD42DD009C59B2 /* PulseAnimation.swift in Sources */,
				FBFC27611BBE26360012C1AA /* CGFloat+Extensions.swift in Sources */,
				C59E3A4B1BC808020037F3B3 /* Logo.swift in Sources */,
				C59E3A4E1BC8082D0037F3B3 /* TextureAtlasManager.swift in Sources */,
				FBEAB7151BCCA4BE00054888 /* ScoreLabel.swift in Sources */,
				FB8D27031BB717A1000B548E /* GameViewController.swift in Sources */,
				FBEBAB9C1BB89E6C004D455D /* Fireball.swift in Sources */,
				FB4910D71BBB88900094EC7E /* ScoreManager.swift in Sources */,
				FBA743D31BB71E5200AC4B44 /* GameScene.swift in Sources */,
				FBD20A351C58544000AF7E73 /* PhysicsCategory.swift in Sources */,
				FBD20A3F1C58555B00AF7E73 /* MovementComponent.swift in Sources */,
				FBE887901C5082A000D1F92B /* MenuScene.swift in Sources */,
				FBFC27691BBE26360012C1AA /* SKAction+Extensions.swift in Sources */,
				FB0BBBAE1BBCCDEF00A0BB53 /* ScoreBoard.swift in Sources */,
				FBFC276F1BBE26360012C1AA /* SKNode+Extensions.swift in Sources */,
				FBEBAB801BB765B6004D455D /* Dragon.swift in Sources */,
				C56DA51B1C512A4B00D50218 /* UIColor+Extra.swift in Sources */,
				C545A0751C49A2E50008253C /* Background.swift in Sources */,
				FBD20A4D1C58568E00AF7E73 /* PlayingState.swift in Sources */,
				C58C08C21C4D9B13000E4A29 /* IntroGraphic.swift in Sources */,
				FBD20A471C58555B00AF7E73 /* PlayerEntity.swift in Sources */,
				C5D548481C5130EB00F64B0C /* PlayButton.swift in Sources */,
				FBFC27631BBE26360012C1AA /* CGPoint+Extensions.swift in Sources */,
				FBFC27671BBE26360012C1AA /* Int+Extensions.swift in Sources */,
				FBFC27751BBE26360012C1AA /* SKTTimingFunctions.swift in Sources */,
				C56DA51E1C512FBE00D50218 /* OverlayNode.swift in Sources */,
				FBFC27651BBE26360012C1AA /* CGVector+Extensions.swift in Sources */,
				C544CE781C4FD9E800F24338 /* CreditsLogo.swift in Sources */,
				FBFC276D1BBE26360012C1AA /* SKColor+Extensions.swift in Sources */,
				FBD20A531C5874B400AF7E73 /* GameStateProtocol.swift in Sources */,
				FBFC27711BBE26360012C1AA /* SKTAudio.swift in Sources */,
				C56DA5181C50349900D50218 /* GameKitHelper.swift in Sources */,
				FBD20A501C58569700AF7E73 /* GameOverState.swift in Sources */,
				FB8D26FD1BB717A1000B548E /* AppDelegate.swift in Sources */,
			);
			runOnlyForDeploymentPostprocessing = 0;
		};
/* End PBXSourcesBuildPhase section */

/* Begin PBXTargetDependency section */
		C56080E71C56DA4C00C167FD /* PBXTargetDependency */ = {
			isa = PBXTargetDependency;
			target = FB8D26F91BB717A1000B548E /* iOS */;
			targetProxy = C56080E61C56DA4C00C167FD /* PBXContainerItemProxy */;
		};
/* End PBXTargetDependency section */

/* Begin PBXVariantGroup section */
		FB8D26ED1BB71773000B548E /* Main.storyboard */ = {
			isa = PBXVariantGroup;
			children = (
				FB8D26EE1BB71773000B548E /* Base */,
			);
			name = Main.storyboard;
			sourceTree = "<group>";
		};
		FB8D27041BB717A1000B548E /* Main.storyboard */ = {
			isa = PBXVariantGroup;
			children = (
				FB8D27051BB717A1000B548E /* Base */,
			);
			name = Main.storyboard;
			sourceTree = "<group>";
		};
/* End PBXVariantGroup section */

/* Begin XCBuildConfiguration section */
		C56080E81C56DA4C00C167FD /* Debug */ = {
			isa = XCBuildConfiguration;
			buildSettings = {
				BUNDLE_LOADER = "$(TEST_HOST)";
				DEBUG_INFORMATION_FORMAT = dwarf;
				INFOPLIST_FILE = RampagingDragonsTests/Info.plist;
				IPHONEOS_DEPLOYMENT_TARGET = 9.2;
				LD_RUNPATH_SEARCH_PATHS = "$(inherited) @executable_path/Frameworks @loader_path/Frameworks";
				PRODUCT_BUNDLE_IDENTIFIER = com.brandonjenniges.RampagingDragonsTests;
				PRODUCT_NAME = "$(TARGET_NAME)";
				TEST_HOST = "$(BUILT_PRODUCTS_DIR)/RampagingDragons.app/RampagingDragons";
			};
			name = Debug;
		};
		C56080E91C56DA4C00C167FD /* Release */ = {
			isa = XCBuildConfiguration;
			buildSettings = {
				BUNDLE_LOADER = "$(TEST_HOST)";
				INFOPLIST_FILE = RampagingDragonsTests/Info.plist;
				IPHONEOS_DEPLOYMENT_TARGET = 9.2;
				LD_RUNPATH_SEARCH_PATHS = "$(inherited) @executable_path/Frameworks @loader_path/Frameworks";
				PRODUCT_BUNDLE_IDENTIFIER = com.brandonjenniges.RampagingDragonsTests;
				PRODUCT_NAME = "$(TARGET_NAME)";
				TEST_HOST = "$(BUILT_PRODUCTS_DIR)/RampagingDragons.app/RampagingDragons";
			};
			name = Release;
		};
		FB8D26A81BB71620000B548E /* Debug */ = {
			isa = XCBuildConfiguration;
			buildSettings = {
				ALWAYS_SEARCH_USER_PATHS = NO;
				CLANG_CXX_LANGUAGE_STANDARD = "gnu++0x";
				CLANG_CXX_LIBRARY = "libc++";
				CLANG_ENABLE_MODULES = YES;
				CLANG_ENABLE_OBJC_ARC = YES;
				CLANG_WARN_BOOL_CONVERSION = YES;
				CLANG_WARN_CONSTANT_CONVERSION = YES;
				CLANG_WARN_DIRECT_OBJC_ISA_USAGE = YES_ERROR;
				CLANG_WARN_EMPTY_BODY = YES;
				CLANG_WARN_ENUM_CONVERSION = YES;
				CLANG_WARN_INT_CONVERSION = YES;
				CLANG_WARN_OBJC_ROOT_CLASS = YES_ERROR;
				CLANG_WARN_UNREACHABLE_CODE = YES;
				CLANG_WARN__DUPLICATE_METHOD_MATCH = YES;
				"CODE_SIGN_IDENTITY[sdk=iphoneos*]" = "iPhone Developer";
				COPY_PHASE_STRIP = NO;
				DEBUG_INFORMATION_FORMAT = "dwarf-with-dsym";
				ENABLE_STRICT_OBJC_MSGSEND = YES;
				ENABLE_TESTABILITY = YES;
				GCC_C_LANGUAGE_STANDARD = gnu99;
				GCC_DYNAMIC_NO_PIC = NO;
				GCC_NO_COMMON_BLOCKS = YES;
				GCC_OPTIMIZATION_LEVEL = 0;
				GCC_PREPROCESSOR_DEFINITIONS = (
					"DEBUG=1",
					"$(inherited)",
				);
				GCC_WARN_64_TO_32_BIT_CONVERSION = YES;
				GCC_WARN_ABOUT_RETURN_TYPE = YES_ERROR;
				GCC_WARN_UNDECLARED_SELECTOR = YES;
				GCC_WARN_UNINITIALIZED_AUTOS = YES_AGGRESSIVE;
				GCC_WARN_UNUSED_FUNCTION = YES;
				GCC_WARN_UNUSED_VARIABLE = YES;
				IPHONEOS_DEPLOYMENT_TARGET = 9.1;
				MTL_ENABLE_DEBUG_INFO = YES;
				ONLY_ACTIVE_ARCH = YES;
				SDKROOT = iphoneos;
				SWIFT_OPTIMIZATION_LEVEL = "-Onone";
				TARGETED_DEVICE_FAMILY = "1,2";
			};
			name = Debug;
		};
		FB8D26A91BB71620000B548E /* Release */ = {
			isa = XCBuildConfiguration;
			buildSettings = {
				ALWAYS_SEARCH_USER_PATHS = NO;
				CLANG_CXX_LANGUAGE_STANDARD = "gnu++0x";
				CLANG_CXX_LIBRARY = "libc++";
				CLANG_ENABLE_MODULES = YES;
				CLANG_ENABLE_OBJC_ARC = YES;
				CLANG_WARN_BOOL_CONVERSION = YES;
				CLANG_WARN_CONSTANT_CONVERSION = YES;
				CLANG_WARN_DIRECT_OBJC_ISA_USAGE = YES_ERROR;
				CLANG_WARN_EMPTY_BODY = YES;
				CLANG_WARN_ENUM_CONVERSION = YES;
				CLANG_WARN_INT_CONVERSION = YES;
				CLANG_WARN_OBJC_ROOT_CLASS = YES_ERROR;
				CLANG_WARN_UNREACHABLE_CODE = YES;
				CLANG_WARN__DUPLICATE_METHOD_MATCH = YES;
				"CODE_SIGN_IDENTITY[sdk=iphoneos*]" = "iPhone Developer";
				COPY_PHASE_STRIP = NO;
				DEBUG_INFORMATION_FORMAT = "dwarf-with-dsym";
				ENABLE_NS_ASSERTIONS = NO;
				ENABLE_STRICT_OBJC_MSGSEND = YES;
				GCC_C_LANGUAGE_STANDARD = gnu99;
				GCC_NO_COMMON_BLOCKS = YES;
				GCC_WARN_64_TO_32_BIT_CONVERSION = YES;
				GCC_WARN_ABOUT_RETURN_TYPE = YES_ERROR;
				GCC_WARN_UNDECLARED_SELECTOR = YES;
				GCC_WARN_UNINITIALIZED_AUTOS = YES_AGGRESSIVE;
				GCC_WARN_UNUSED_FUNCTION = YES;
				GCC_WARN_UNUSED_VARIABLE = YES;
				IPHONEOS_DEPLOYMENT_TARGET = 9.1;
				MTL_ENABLE_DEBUG_INFO = NO;
				SDKROOT = iphoneos;
				TARGETED_DEVICE_FAMILY = "1,2";
				VALIDATE_PRODUCT = YES;
			};
			name = Release;
		};
		FB8D26F41BB71773000B548E /* Debug */ = {
			isa = XCBuildConfiguration;
			buildSettings = {
				ASSETCATALOG_COMPILER_APPICON_NAME = "App Icon _ Top Shelf Image";
				ASSETCATALOG_COMPILER_LAUNCHIMAGE_NAME = LaunchImage;
				CODE_SIGN_ENTITLEMENTS = tvOS/RampagingDragons.entitlements;
				CODE_SIGN_IDENTITY = "iPhone Developer";
				"CODE_SIGN_IDENTITY[sdk=appletvos*]" = "iPhone Developer";
				FRAMEWORK_SEARCH_PATHS = (
					"$(inherited)",
					"$(PROJECT_DIR)",
				);
				INFOPLIST_FILE = tvOS/Info.plist;
				LD_RUNPATH_SEARCH_PATHS = "$(inherited) @executable_path/Frameworks";
				"OTHER_SWIFT_FLAGS[arch=*]" = "-D DEBUG";
				PRODUCT_BUNDLE_IDENTIFIER = "com.holtapps.The-Rampaging-Dragon";
				PRODUCT_NAME = RampagingDragons;
				PROVISIONING_PROFILE = "";
				SDKROOT = appletvos;
				TARGETED_DEVICE_FAMILY = 3;
				TVOS_DEPLOYMENT_TARGET = 9.0;
			};
			name = Debug;
		};
		FB8D26F51BB71773000B548E /* Release */ = {
			isa = XCBuildConfiguration;
			buildSettings = {
				ASSETCATALOG_COMPILER_APPICON_NAME = "App Icon _ Top Shelf Image";
				ASSETCATALOG_COMPILER_LAUNCHIMAGE_NAME = LaunchImage;
				CODE_SIGN_ENTITLEMENTS = tvOS/RampagingDragons.entitlements;
				CODE_SIGN_IDENTITY = "iPhone Developer";
				"CODE_SIGN_IDENTITY[sdk=appletvos*]" = "iPhone Developer";
				FRAMEWORK_SEARCH_PATHS = (
					"$(inherited)",
					"$(PROJECT_DIR)",
				);
				INFOPLIST_FILE = tvOS/Info.plist;
				LD_RUNPATH_SEARCH_PATHS = "$(inherited) @executable_path/Frameworks";
				PRODUCT_BUNDLE_IDENTIFIER = "com.holtapps.The-Rampaging-Dragon";
				PRODUCT_NAME = RampagingDragons;
				PROVISIONING_PROFILE = "";
				SDKROOT = appletvos;
				TARGETED_DEVICE_FAMILY = 3;
				TVOS_DEPLOYMENT_TARGET = 9.0;
			};
			name = Release;
		};
		FB8D270E1BB717A1000B548E /* Debug */ = {
			isa = XCBuildConfiguration;
			buildSettings = {
				ASSETCATALOG_COMPILER_APPICON_NAME = AppIcon;
				ASSETCATALOG_COMPILER_LAUNCHIMAGE_NAME = LaunchImage;
				CODE_SIGN_ENTITLEMENTS = iOS/iOS.entitlements;
				CODE_SIGN_IDENTITY = "iPhone Developer";
				"CODE_SIGN_IDENTITY[sdk=iphoneos*]" = "iPhone Developer";
				DEFINES_MODULE = YES;
				FRAMEWORK_SEARCH_PATHS = (
					"$(inherited)",
					"$(PROJECT_DIR)",
				);
				INFOPLIST_FILE = iOS/Info.plist;
				IPHONEOS_DEPLOYMENT_TARGET = 9.0;
				LD_RUNPATH_SEARCH_PATHS = "$(inherited) @executable_path/Frameworks";
				OTHER_SWIFT_FLAGS = "";
				"OTHER_SWIFT_FLAGS[arch=*]" = "-D DEBUG";
				PRODUCT_BUNDLE_IDENTIFIER = "com.holtapps.The-Rampaging-Dragon";
				PRODUCT_NAME = RampagingDragons;
				PROVISIONING_PROFILE = "";
				TARGETED_DEVICE_FAMILY = 1;
			};
			name = Debug;
		};
		FB8D270F1BB717A1000B548E /* Release */ = {
			isa = XCBuildConfiguration;
			buildSettings = {
				ASSETCATALOG_COMPILER_APPICON_NAME = AppIcon;
				ASSETCATALOG_COMPILER_LAUNCHIMAGE_NAME = LaunchImage;
				CODE_SIGN_ENTITLEMENTS = iOS/iOS.entitlements;
				CODE_SIGN_IDENTITY = "iPhone Developer";
				"CODE_SIGN_IDENTITY[sdk=iphoneos*]" = "iPhone Developer";
				DEFINES_MODULE = YES;
				FRAMEWORK_SEARCH_PATHS = (
					"$(inherited)",
					"$(PROJECT_DIR)",
				);
				INFOPLIST_FILE = iOS/Info.plist;
				IPHONEOS_DEPLOYMENT_TARGET = 9.0;
				LD_RUNPATH_SEARCH_PATHS = "$(inherited) @executable_path/Frameworks";
				PRODUCT_BUNDLE_IDENTIFIER = "com.holtapps.The-Rampaging-Dragon";
				PRODUCT_NAME = RampagingDragons;
				PROVISIONING_PROFILE = "";
				TARGETED_DEVICE_FAMILY = 1;
			};
			name = Release;
		};
/* End XCBuildConfiguration section */

/* Begin XCConfigurationList section */
		C56080EA1C56DA4C00C167FD /* Build configuration list for PBXNativeTarget "RampagingDragonsTests" */ = {
			isa = XCConfigurationList;
			buildConfigurations = (
				C56080E81C56DA4C00C167FD /* Debug */,
				C56080E91C56DA4C00C167FD /* Release */,
			);
			defaultConfigurationIsVisible = 0;
			defaultConfigurationName = Release;
		};
		FB8D268F1BB71620000B548E /* Build configuration list for PBXProject "Rampaging Dragons" */ = {
			isa = XCConfigurationList;
			buildConfigurations = (
				FB8D26A81BB71620000B548E /* Debug */,
				FB8D26A91BB71620000B548E /* Release */,
			);
			defaultConfigurationIsVisible = 0;
			defaultConfigurationName = Release;
		};
		FB8D26F31BB71773000B548E /* Build configuration list for PBXNativeTarget "tvOS" */ = {
			isa = XCConfigurationList;
			buildConfigurations = (
				FB8D26F41BB71773000B548E /* Debug */,
				FB8D26F51BB71773000B548E /* Release */,
			);
			defaultConfigurationIsVisible = 0;
			defaultConfigurationName = Release;
		};
		FB8D270D1BB717A1000B548E /* Build configuration list for PBXNativeTarget "iOS" */ = {
			isa = XCConfigurationList;
			buildConfigurations = (
				FB8D270E1BB717A1000B548E /* Debug */,
				FB8D270F1BB717A1000B548E /* Release */,
			);
			defaultConfigurationIsVisible = 0;
			defaultConfigurationName = Release;
		};
/* End XCConfigurationList section */
	};
	rootObject = FB8D268C1BB71620000B548E /* Project object */;
}
